
Microsoft Visual Studio Solution File, Format Version 12.00
# Visual Studio Version 17
VisualStudioVersion = 17.4.33403.182
MinimumVisualStudioVersion = 10.0.40219.1
Project("{9A19103F-16F7-4668-BE54-9A1E7A4F7556}") = "Bai01", "Bai01\Bai01.csproj", "{7691B2C0-9904-44B6-8D6F-6474D6BB2141}"
EndProject
Project("{9A19103F-16F7-4668-BE54-9A1E7A4F7556}") = "Bai02", "Bai02\Bai02.csproj", "{83CE62A4-ABC2-45C1-948F-705192250E31}"
EndProject
Project("{9A19103F-16F7-4668-BE54-9A1E7A4F7556}") = "Bai03", "Bai03\Bai03.csproj", "{DE8A85F0-1017-4675-BAA8-D5D104F8DFAE}"
EndProject
Project("{FAE04EC0-301F-11D3-BF4B-00C04F79EFBC}") = "Bai04", "Bai04\Bai04.csproj", "{2E2D1EE1-2101-48D2-BFF7-8E11C0F6B94A}"
EndProject
Project("{FAE04EC0-301F-11D3-BF4B-00C04F79EFBC}") = "Bai05", "Bai05\Bai05.csproj", "{42A19B02-2C25-4EEA-A5F1-629D0908D2F8}"
EndProject
Global
	GlobalSection(SolutionConfigurationPlatforms) = preSolution
		Debug|Any CPU = Debug|Any CPU
		Release|Any CPU = Release|Any CPU
	EndGlobalSection
	GlobalSection(ProjectConfigurationPlatforms) = postSolution
		{7691B2C0-9904-44B6-8D6F-6474D6BB2141}.Debug|Any CPU.ActiveCfg = Debug|Any CPU
		{7691B2C0-9904-44B6-8D6F-6474D6BB2141}.Debug|Any CPU.Build.0 = Debug|Any CPU
		{7691B2C0-9904-44B6-8D6F-6474D6BB2141}.Release|Any CPU.ActiveCfg = Release|Any CPU
		{7691B2C0-9904-44B6-8D6F-6474D6BB2141}.Release|Any CPU.Build.0 = Release|Any CPU
		{83CE62A4-ABC2-45C1-948F-705192250E31}.Debug|Any CPU.ActiveCfg = Debug|Any CPU
		{83CE62A4-ABC2-45C1-948F-705192250E31}.Debug|Any CPU.Build.0 = Debug|Any CPU
		{83CE62A4-ABC2-45C1-948F-705192250E31}.Release|Any CPU.ActiveCfg = Release|Any CPU
		{83CE62A4-ABC2-45C1-948F-705192250E31}.Release|Any CPU.Build.0 = Release|Any CPU
		{DE8A85F0-1017-4675-BAA8-D5D104F8DFAE}.Debug|Any CPU.ActiveCfg = Debug|Any CPU
		{DE8A85F0-1017-4675-BAA8-D5D104F8DFAE}.Debug|Any CPU.Build.0 = Debug|Any CPU
		{DE8A85F0-1017-4675-BAA8-D5D104F8DFAE}.Release|Any CPU.ActiveCfg = Release|Any CPU
		{DE8A85F0-1017-4675-BAA8-D5D104F8DFAE}.Release|Any CPU.Build.0 = Release|Any CPU
		{2E2D1EE1-2101-48D2-BFF7-8E11C0F6B94A}.Debug|Any CPU.ActiveCfg = Debug|Any CPU
		{2E2D1EE1-2101-48D2-BFF7-8E11C0F6B94A}.Debug|Any CPU.Build.0 = Debug|Any CPU
		{2E2D1EE1-2101-48D2-BFF7-8E11C0F6B94A}.Release|Any CPU.ActiveCfg = Release|Any CPU
		{2E2D1EE1-2101-48D2-BFF7-8E11C0F6B94A}.Release|Any CPU.Build.0 = Release|Any CPU
		{42A19B02-2C25-4EEA-A5F1-629D0908D2F8}.Debug|Any CPU.ActiveCfg = Debug|Any CPU
		{42A19B02-2C25-4EEA-A5F1-629D0908D2F8}.Debug|Any CPU.Build.0 = Debug|Any CPU
		{42A19B02-2C25-4EEA-A5F1-629D0908D2F8}.Release|Any CPU.ActiveCfg = Release|Any CPU
		{42A19B02-2C25-4EEA-A5F1-629D0908D2F8}.Release|Any CPU.Build.0 = Release|Any CPU
	EndGlobalSection
	GlobalSection(SolutionProperties) = preSolution
		HideSolutionNode = FALSE
	EndGlobalSection
	GlobalSection(ExtensibilityGlobals) = postSolution
		SolutionGuid = {03CC75AD-C0C4-46D0-8B41-816A0F47BE21}
	EndGlobalSection
EndGlobal
