
Microsoft Visual Studio Solution File, Format Version 12.00
# Visual Studio Version 17
VisualStudioVersion = 17.4.33403.182
MinimumVisualStudioVersion = 10.0.40219.1
Project("{FAE04EC0-301F-11D3-BF4B-00C04F79EFBC}") = "Bai04", "Bai04\Bai04.csproj", "{8FC15512-3122-4151-9D16-1AADEBFE5ED9}"
EndProject
Project("{FAE04EC0-301F-11D3-BF4B-00C04F79EFBC}") = "Bai02", "Bai02\Bai02.csproj", "{82ED2DDB-B1E4-4417-9BE4-E17717190A11}"
EndProject
Project("{FAE04EC0-301F-11D3-BF4B-00C04F79EFBC}") = "Bai03", "Bai03\Bai03.csproj", "{765EC1C6-A86D-4773-8D25-1C47C4C427F7}"
EndProject
Project("{FAE04EC0-301F-11D3-BF4B-00C04F79EFBC}") = "Bai01", "Bai01\Bai01.csproj", "{50F0D66D-CE26-4EC3-AE8D-BFFB755F54E8}"
EndProject
Global
	GlobalSection(SolutionConfigurationPlatforms) = preSolution
		Debug|Any CPU = Debug|Any CPU
		Release|Any CPU = Release|Any CPU
	EndGlobalSection
	GlobalSection(ProjectConfigurationPlatforms) = postSolution
		{8FC15512-3122-4151-9D16-1AADEBFE5ED9}.Debug|Any CPU.ActiveCfg = Debug|Any CPU
		{8FC15512-3122-4151-9D16-1AADEBFE5ED9}.Debug|Any CPU.Build.0 = Debug|Any CPU
		{8FC15512-3122-4151-9D16-1AADEBFE5ED9}.Release|Any CPU.ActiveCfg = Release|Any CPU
		{8FC15512-3122-4151-9D16-1AADEBFE5ED9}.Release|Any CPU.Build.0 = Release|Any CPU
		{82ED2DDB-B1E4-4417-9BE4-E17717190A11}.Debug|Any CPU.ActiveCfg = Debug|Any CPU
		{82ED2DDB-B1E4-4417-9BE4-E17717190A11}.Debug|Any CPU.Build.0 = Debug|Any CPU
		{82ED2DDB-B1E4-4417-9BE4-E17717190A11}.Release|Any CPU.ActiveCfg = Release|Any CPU
		{82ED2DDB-B1E4-4417-9BE4-E17717190A11}.Release|Any CPU.Build.0 = Release|Any CPU
		{765EC1C6-A86D-4773-8D25-1C47C4C427F7}.Debug|Any CPU.ActiveCfg = Debug|Any CPU
		{765EC1C6-A86D-4773-8D25-1C47C4C427F7}.Debug|Any CPU.Build.0 = Debug|Any CPU
		{765EC1C6-A86D-4773-8D25-1C47C4C427F7}.Release|Any CPU.ActiveCfg = Release|Any CPU
		{765EC1C6-A86D-4773-8D25-1C47C4C427F7}.Release|Any CPU.Build.0 = Release|Any CPU
		{50F0D66D-CE26-4EC3-AE8D-BFFB755F54E8}.Debug|Any CPU.ActiveCfg = Debug|Any CPU
		{50F0D66D-CE26-4EC3-AE8D-BFFB755F54E8}.Debug|Any CPU.Build.0 = Debug|Any CPU
		{50F0D66D-CE26-4EC3-AE8D-BFFB755F54E8}.Release|Any CPU.ActiveCfg = Release|Any CPU
		{50F0D66D-CE26-4EC3-AE8D-BFFB755F54E8}.Release|Any CPU.Build.0 = Release|Any CPU
	EndGlobalSection
	GlobalSection(SolutionProperties) = preSolution
		HideSolutionNode = FALSE
	EndGlobalSection
	GlobalSection(ExtensibilityGlobals) = postSolution
		SolutionGuid = {8266162B-D443-4610-923E-EC5E24A3D7AF}
	EndGlobalSection
EndGlobal
